
Microsoft Visual Studio Solution File, Format Version 12.00
# Visual Studio Version 17
VisualStudioVersion = 17.5.33424.131
MinimumVisualStudioVersion = 10.0.40219.1
Project("{FAE04EC0-301F-11D3-BF4B-00C04F79EFBC}") = "Chess WPF", "Chess WPF.csproj", "{9661B44F-7279-421C-863A-21FC2D5FB210}"
EndProject
Global
	GlobalSection(SolutionConfigurationPlatforms) = preSolution
		Debug|Any CPU = Debug|Any CPU
		Release|Any CPU = Release|Any CPU
	EndGlobalSection
	GlobalSection(ProjectConfigurationPlatforms) = postSolution
		{9661B44F-7279-421C-863A-21FC2D5FB210}.Debug|Any CPU.ActiveCfg = Debug|Any CPU
		{9661B44F-7279-421C-863A-21FC2D5FB210}.Debug|Any CPU.Build.0 = Debug|Any CPU
		{9661B44F-7279-421C-863A-21FC2D5FB210}.Release|Any CPU.ActiveCfg = Release|Any CPU
		{9661B44F-7279-421C-863A-21FC2D5FB210}.Release|Any CPU.Build.0 = Release|Any CPU
	EndGlobalSection
	GlobalSection(SolutionProperties) = preSolution
		HideSolutionNode = FALSE
	EndGlobalSection
	GlobalSection(ExtensibilityGlobals) = postSolution
		SolutionGuid = {E701F2AB-4B11-493D-AFCD-80E4EFBA9ED3}
	EndGlobalSection
EndGlobal
